// !$*UTF8*$!
{
	archiveVersion = 1;
	classes = {
	};
	objectVersion = 46;
	objects = {

/* Begin PBXBuildFile section */
		5C6D899519DD2A34007CA881 /* main.m in Sources */ = {isa = PBXBuildFile; fileRef = 5C6D899419DD2A34007CA881 /* main.m */; };
		5C6D899819DD2A34007CA881 /* AppDelegate.m in Sources */ = {isa = PBXBuildFile; fileRef = 5C6D899719DD2A34007CA881 /* AppDelegate.m */; };
		5C6D899B19DD2A34007CA881 /* ViewController.m in Sources */ = {isa = PBXBuildFile; fileRef = 5C6D899A19DD2A34007CA881 /* ViewController.m */; };
		5C6D899E19DD2A34007CA881 /* Main.storyboard in Resources */ = {isa = PBXBuildFile; fileRef = 5C6D899C19DD2A34007CA881 /* Main.storyboard */; };
		5C6D89A019DD2A34007CA881 /* Images.xcassets in Resources */ = {isa = PBXBuildFile; fileRef = 5C6D899F19DD2A34007CA881 /* Images.xcassets */; };
		5C6D89A319DD2A34007CA881 /* LaunchScreen.xib in Resources */ = {isa = PBXBuildFile; fileRef = 5C6D89A119DD2A34007CA881 /* LaunchScreen.xib */; };
		5C6D89AF19DD2A34007CA881 /* UIScrollView_Challenge_SolutionTests.m in Sources */ = {isa = PBXBuildFile; fileRef = 5C6D89AE19DD2A34007CA881 /* UIScrollView_Challenge_SolutionTests.m */; };
		5C6D89B919DD2B60007CA881 /* worldMap.jpeg in Resources */ = {isa = PBXBuildFile; fileRef = 5C6D89B819DD2B60007CA881 /* worldMap.jpeg */; };
/* End PBXBuildFile section */

/* Begin PBXContainerItemProxy section */
		5C6D89A919DD2A34007CA881 /* PBXContainerItemProxy */ = {
			isa = PBXContainerItemProxy;
			containerPortal = 5C6D898719DD2A34007CA881 /* Project object */;
			proxyType = 1;
			remoteGlobalIDString = 5C6D898E19DD2A34007CA881;
			remoteInfo = "UIScrollView Challenge Solution";
		};
/* End PBXContainerItemProxy section */

/* Begin PBXFileReference section */
		5C6D898F19DD2A34007CA881 /* UIScrollView Challenge Solution.app */ = {isa = PBXFileReference; explicitFileType = wrapper.application; includeInIndex = 0; path = "UIScrollView Challenge Solution.app"; sourceTree = BUILT_PRODUCTS_DIR; };
		5C6D899319DD2A34007CA881 /* Info.plist */ = {isa = PBXFileReference; lastKnownFileType = text.plist.xml; path = Info.plist; sourceTree = "<group>"; };
		5C6D899419DD2A34007CA881 /* main.m */ = {isa = PBXFileReference; lastKnownFileType = sourcecode.c.objc; path = main.m; sourceTree = "<group>"; };
		5C6D899619DD2A34007CA881 /* AppDelegate.h */ = {isa = PBXFileReference; lastKnownFileType = sourcecode.c.h; path = AppDelegate.h; sourceTree = "<group>"; };
		5C6D899719DD2A34007CA881 /* AppDelegate.m */ = {isa = PBXFileReference; lastKnownFileType = sourcecode.c.objc; path = AppDelegate.m; sourceTree = "<group>"; };
		5C6D899919DD2A34007CA881 /* ViewController.h */ = {isa = PBXFileReference; lastKnownFileType = sourcecode.c.h; path = ViewController.h; sourceTree = "<group>"; };
		5C6D899A19DD2A34007CA881 /* ViewController.m */ = {isa = PBXFileReference; lastKnownFileType = sourcecode.c.objc; path = ViewController.m; sourceTree = "<group>"; };
		5C6D899D19DD2A34007CA881 /* Base */ = {isa = PBXFileReference; lastKnownFileType = file.storyboard; name = Base; path = Base.lproj/Main.storyboard; sourceTree = "<group>"; };
		5C6D899F19DD2A34007CA881 /* Images.xcassets */ = {isa = PBXFileReference; lastKnownFileType = folder.assetcatalog; path = Images.xcassets; sourceTree = "<group>"; };
		5C6D89A219DD2A34007CA881 /* Base */ = {isa = PBXFileReference; lastKnownFileType = file.xib; name = Base; path = Base.lproj/LaunchScreen.xib; sourceTree = "<group>"; };
		5C6D89A819DD2A34007CA881 /* UIScrollView Challenge SolutionTests.xctest */ = {isa = PBXFileReference; explicitFileType = wrapper.cfbundle; includeInIndex = 0; path = "UIScrollView Challenge SolutionTests.xctest"; sourceTree = BUILT_PRODUCTS_DIR; };
		5C6D89AD19DD2A34007CA881 /* Info.plist */ = {isa = PBXFileReference; lastKnownFileType = text.plist.xml; path = Info.plist; sourceTree = "<group>"; };
		5C6D89AE19DD2A34007CA881 /* UIScrollView_Challenge_SolutionTests.m */ = {isa = PBXFileReference; lastKnownFileType = sourcecode.c.objc; path = UIScrollView_Challenge_SolutionTests.m; sourceTree = "<group>"; };
		5C6D89B819DD2B60007CA881 /* worldMap.jpeg */ = {isa = PBXFileReference; lastKnownFileType = image.jpeg; path = worldMap.jpeg; sourceTree = "<group>"; };
/* End PBXFileReference section */

/* Begin PBXFrameworksBuildPhase section */
		5C6D898C19DD2A34007CA881 /* Frameworks */ = {
			isa = PBXFrameworksBuildPhase;
			buildActionMask = 2147483647;
			files = (
			);
			runOnlyForDeploymentPostprocessing = 0;
		};
		5C6D89A519DD2A34007CA881 /* Frameworks */ = {
			isa = PBXFrameworksBuildPhase;
			buildActionMask = 2147483647;
			files = (
			);
			runOnlyForDeploymentPostprocessing = 0;
		};
/* End PBXFrameworksBuildPhase section */

/* Begin PBXGroup section */
		5C6D898619DD2A34007CA881 = {
			isa = PBXGroup;
			children = (
				5C6D899119DD2A34007CA881 /* UIScrollView Challenge Solution */,
				5C6D89AB19DD2A34007CA881 /* UIScrollView Challenge SolutionTests */,
				5C6D899019DD2A34007CA881 /* Products */,
			);
			sourceTree = "<group>";
		};
		5C6D899019DD2A34007CA881 /* Products */ = {
			isa = PBXGroup;
			children = (
				5C6D898F19DD2A34007CA881 /* UIScrollView Challenge Solution.app */,
				5C6D89A819DD2A34007CA881 /* UIScrollView Challenge SolutionTests.xctest */,
			);
			name = Products;
			sourceTree = "<group>";
		};
		5C6D899119DD2A34007CA881 /* UIScrollView Challenge Solution */ = {
			isa = PBXGroup;
			children = (
				5C6D899619DD2A34007CA881 /* AppDelegate.h */,
				5C6D899719DD2A34007CA881 /* AppDelegate.m */,
				5C6D899919DD2A34007CA881 /* ViewController.h */,
				5C6D899A19DD2A34007CA881 /* ViewController.m */,
				5C6D899C19DD2A34007CA881 /* Main.storyboard */,
				5C6D899F19DD2A34007CA881 /* Images.xcassets */,
				5C6D89A119DD2A34007CA881 /* LaunchScreen.xib */,
				5C6D899219DD2A34007CA881 /* Supporting Files */,
			);
			path = "UIScrollView Challenge Solution";
			sourceTree = "<group>";
		};
		5C6D899219DD2A34007CA881 /* Supporting Files */ = {
			isa = PBXGroup;
			children = (
				5C6D89B819DD2B60007CA881 /* worldMap.jpeg */,
				5C6D899319DD2A34007CA881 /* Info.plist */,
				5C6D899419DD2A34007CA881 /* main.m */,
			);
			name = "Supporting Files";
			sourceTree = "<group>";
		};
		5C6D89AB19DD2A34007CA881 /* UIScrollView Challenge SolutionTests */ = {
			isa = PBXGroup;
			children = (
				5C6D89AE19DD2A34007CA881 /* UIScrollView_Challenge_SolutionTests.m */,
				5C6D89AC19DD2A34007CA881 /* Supporting Files */,
			);
			path = "UIScrollView Challenge SolutionTests";
			sourceTree = "<group>";
		};
		5C6D89AC19DD2A34007CA881 /* Supporting Files */ = {
			isa = PBXGroup;
			children = (
				5C6D89AD19DD2A34007CA881 /* Info.plist */,
			);
			name = "Supporting Files";
			sourceTree = "<group>";
		};
/* End PBXGroup section */

/* Begin PBXNativeTarget section */
		5C6D898E19DD2A34007CA881 /* UIScrollView Challenge Solution */ = {
			isa = PBXNativeTarget;
			buildConfigurationList = 5C6D89B219DD2A34007CA881 /* Build configuration list for PBXNativeTarget "UIScrollView Challenge Solution" */;
			buildPhases = (
				5C6D898B19DD2A34007CA881 /* Sources */,
				5C6D898C19DD2A34007CA881 /* Frameworks */,
				5C6D898D19DD2A34007CA881 /* Resources */,
			);
			buildRules = (
			);
			dependencies = (
			);
			name = "UIScrollView Challenge Solution";
			productName = "UIScrollView Challenge Solution";
			productReference = 5C6D898F19DD2A34007CA881 /* UIScrollView Challenge Solution.app */;
			productType = "com.apple.product-type.application";
		};
		5C6D89A719DD2A34007CA881 /* UIScrollView Challenge SolutionTests */ = {
			isa = PBXNativeTarget;
			buildConfigurationList = 5C6D89B519DD2A34007CA881 /* Build configuration list for PBXNativeTarget "UIScrollView Challenge SolutionTests" */;
			buildPhases = (
				5C6D89A419DD2A34007CA881 /* Sources */,
				5C6D89A519DD2A34007CA881 /* Frameworks */,
				5C6D89A619DD2A34007CA881 /* Resources */,
			);
			buildRules = (
			);
			dependencies = (
				5C6D89AA19DD2A34007CA881 /* PBXTargetDependency */,
			);
			name = "UIScrollView Challenge SolutionTests";
			productName = "UIScrollView Challenge SolutionTests";
			productReference = 5C6D89A819DD2A34007CA881 /* UIScrollView Challenge SolutionTests.xctest */;
			productType = "com.apple.product-type.bundle.unit-test";
		};
/* End PBXNativeTarget section */

/* Begin PBXProject section */
		5C6D898719DD2A34007CA881 /* Project object */ = {
			isa = PBXProject;
			attributes = {
				LastUpgradeCheck = 0600;
				ORGANIZATIONNAME = "Code Coalition";
				TargetAttributes = {
					5C6D898E19DD2A34007CA881 = {
						CreatedOnToolsVersion = 6.0.1;
					};
					5C6D89A719DD2A34007CA881 = {
						CreatedOnToolsVersion = 6.0.1;
						TestTargetID = 5C6D898E19DD2A34007CA881;
					};
				};
			};
			buildConfigurationList = 5C6D898A19DD2A34007CA881 /* Build configuration list for PBXProject "UIScrollView Challenge Solution" */;
			compatibilityVersion = "Xcode 3.2";
			developmentRegion = English;
			hasScannedForEncodings = 0;
			knownRegions = (
				en,
				Base,
			);
			mainGroup = 5C6D898619DD2A34007CA881;
			productRefGroup = 5C6D899019DD2A34007CA881 /* Products */;
			projectDirPath = "";
			projectRoot = "";
			targets = (
				5C6D898E19DD2A34007CA881 /* UIScrollView Challenge Solution */,
				5C6D89A719DD2A34007CA881 /* UIScrollView Challenge SolutionTests */,
			);
		};
/* End PBXProject section */

/* Begin PBXResourcesBuildPhase section */
		5C6D898D19DD2A34007CA881 /* Resources */ = {
			isa = PBXResourcesBuildPhase;
			buildActionMask = 2147483647;
			files = (
				5C6D899E19DD2A34007CA881 /* Main.storyboard in Resources */,
				5C6D89A319DD2A34007CA881 /* LaunchScreen.xib in Resources */,
				5C6D89A019DD2A34007CA881 /* Images.xcassets in Resources */,
				5C6D89B919DD2B60007CA881 /* worldMap.jpeg in Resources */,
			);
			runOnlyForDeploymentPostprocessing = 0;
		};
		5C6D89A619DD2A34007CA881 /* Resources */ = {
			isa = PBXResourcesBuildPhase;
			buildActionMask = 2147483647;
			files = (
			);
			runOnlyForDeploymentPostprocessing = 0;
		};
/* End PBXResourcesBuildPhase section */

/* Begin PBXSourcesBuildPhase section */
		5C6D898B19DD2A34007CA881 /* Sources */ = {
			isa = PBXSourcesBuildPhase;
			buildActionMask = 2147483647;
			files = (
				5C6D899B19DD2A34007CA881 /* ViewController.m in Sources */,
				5C6D899819DD2A34007CA881 /* AppDelegate.m in Sources */,
				5C6D899519DD2A34007CA881 /* main.m in Sources */,
			);
			runOnlyForDeploymentPostprocessing = 0;
		};
		5C6D89A419DD2A34007CA881 /* Sources */ = {
			isa = PBXSourcesBuildPhase;
			buildActionMask = 2147483647;
			files = (
				5C6D89AF19DD2A34007CA881 /* UIScrollView_Challenge_SolutionTests.m in Sources */,
			);
			runOnlyForDeploymentPostprocessing = 0;
		};
/* End PBXSourcesBuildPhase section */

/* Begin PBXTargetDependency section */
		5C6D89AA19DD2A34007CA881 /* PBXTargetDependency */ = {
			isa = PBXTargetDependency;
			target = 5C6D898E19DD2A34007CA881 /* UIScrollView Challenge Solution */;
			targetProxy = 5C6D89A919DD2A34007CA881 /* PBXContainerItemProxy */;
		};
/* End PBXTargetDependency section */

/* Begin PBXVariantGroup section */
		5C6D899C19DD2A34007CA881 /* Main.storyboard */ = {
			isa = PBXVariantGroup;
			children = (
				5C6D899D19DD2A34007CA881 /* Base */,
			);
			name = Main.storyboard;
			sourceTree = "<group>";
		};
		5C6D89A119DD2A34007CA881 /* LaunchScreen.xib */ = {
			isa = PBXVariantGroup;
			children = (
				5C6D89A219DD2A34007CA881 /* Base */,
			);
			name = LaunchScreen.xib;
			sourceTree = "<group>";
		};
/* End PBXVariantGroup section */

/* Begin XCBuildConfiguration section */
		5C6D89B019DD2A34007CA881 /* Debug */ = {
			isa = XCBuildConfiguration;
			buildSettings = {
				ALWAYS_SEARCH_USER_PATHS = NO;
				CLANG_CXX_LANGUAGE_STANDARD = "gnu++0x";
				CLANG_CXX_LIBRARY = "libc++";
				CLANG_ENABLE_MODULES = YES;
				CLANG_ENABLE_OBJC_ARC = YES;
				CLANG_WARN_BOOL_CONVERSION = YES;
				CLANG_WARN_CONSTANT_CONVERSION = YES;
				CLANG_WARN_DIRECT_OBJC_ISA_USAGE = YES_ERROR;
				CLANG_WARN_EMPTY_BODY = YES;
				CLANG_WARN_ENUM_CONVERSION = YES;
				CLANG_WARN_INT_CONVERSION = YES;
				CLANG_WARN_OBJC_ROOT_CLASS = YES_ERROR;
				CLANG_WARN_UNREACHABLE_CODE = YES;
				CLANG_WARN__DUPLICATE_METHOD_MATCH = YES;
				"CODE_SIGN_IDENTITY[sdk=iphoneos*]" = "iPhone Developer";
				COPY_PHASE_STRIP = NO;
				ENABLE_STRICT_OBJC_MSGSEND = YES;
				GCC_C_LANGUAGE_STANDARD = gnu99;
				GCC_DYNAMIC_NO_PIC = NO;
				GCC_OPTIMIZATION_LEVEL = 0;
				GCC_PREPROCESSOR_DEFINITIONS = (
					"DEBUG=1",
					"$(inherited)",
				);
				GCC_SYMBOLS_PRIVATE_EXTERN = NO;
				GCC_WARN_64_TO_32_BIT_CONVERSION = YES;
				GCC_WARN_ABOUT_RETURN_TYPE = YES_ERROR;
				GCC_WARN_UNDECLARED_SELECTOR = YES;
				GCC_WARN_UNINITIALIZED_AUTOS = YES_AGGRESSIVE;
				GCC_WARN_UNUSED_FUNCTION = YES;
				GCC_WARN_UNUSED_VARIABLE = YES;
				IPHONEOS_DEPLOYMENT_TARGET = 8.0;
				MTL_ENABLE_DEBUG_INFO = YES;
				ONLY_ACTIVE_ARCH = YES;
				SDKROOT = iphoneos;
			};
			name = Debug;
		};
		5C6D89B119DD2A34007CA881 /* Release */ = {
			isa = XCBuildConfiguration;
			buildSettings = {
				ALWAYS_SEARCH_USER_PATHS = NO;
				CLANG_CXX_LANGUAGE_STANDARD = "gnu++0x";
				CLANG_CXX_LIBRARY = "libc++";
				CLANG_ENABLE_MODULES = YES;
				CLANG_ENABLE_OBJC_ARC = YES;
				CLANG_WARN_BOOL_CONVERSION = YES;
				CLANG_WARN_CONSTANT_CONVERSION = YES;
				CLANG_WARN_DIRECT_OBJC_ISA_USAGE = YES_ERROR;
				CLANG_WARN_EMPTY_BODY = YES;
				CLANG_WARN_ENUM_CONVERSION = YES;
				CLANG_WARN_INT_CONVERSION = YES;
				CLANG_WARN_OBJC_ROOT_CLASS = YES_ERROR;
				CLANG_WARN_UNREACHABLE_CODE = YES;
				CLANG_WARN__DUPLICATE_METHOD_MATCH = YES;
				"CODE_SIGN_IDENTITY[sdk=iphoneos*]" = "iPhone Developer";
				COPY_PHASE_STRIP = YES;
				ENABLE_NS_ASSERTIONS = NO;
				ENABLE_STRICT_OBJC_MSGSEND = YES;
				GCC_C_LANGUAGE_STANDARD = gnu99;
				GCC_WARN_64_TO_32_BIT_CONVERSION = YES;
				GCC_WARN_ABOUT_RETURN_TYPE = YES_ERROR;
				GCC_WARN_UNDECLARED_SELECTOR = YES;
				GCC_WARN_UNINITIALIZED_AUTOS = YES_AGGRESSIVE;
				GCC_WARN_UNUSED_FUNCTION = YES;
				GCC_WARN_UNUSED_VARIABLE = YES;
				IPHONEOS_DEPLOYMENT_TARGET = 8.0;
				MTL_ENABLE_DEBUG_INFO = NO;
				SDKROOT = iphoneos;
				VALIDATE_PRODUCT = YES;
			};
			name = Release;
		};
		5C6D89B319DD2A34007CA881 /* Debug */ = {
			isa = XCBuildConfiguration;
			buildSettings = {
				ASSETCATALOG_COMPILER_APPICON_NAME = AppIcon;
				INFOPLIST_FILE = "UIScrollView Challenge Solution/Info.plist";
				LD_RUNPATH_SEARCH_PATHS = "$(inherited) @executable_path/Frameworks";
				PRODUCT_NAME = "$(TARGET_NAME)";
			};
			name = Debug;
		};
		5C6D89B419DD2A34007CA881 /* Release */ = {
			isa = XCBuildConfiguration;
			buildSettings = {
				ASSETCATALOG_COMPILER_APPICON_NAME = AppIcon;
				INFOPLIST_FILE = "UIScrollView Challenge Solution/Info.plist";
				LD_RUNPATH_SEARCH_PATHS = "$(inherited) @executable_path/Frameworks";
				PRODUCT_NAME = "$(TARGET_NAME)";
			};
			name = Release;
		};
		5C6D89B619DD2A34007CA881 /* Debug */ = {
			isa = XCBuildConfiguration;
			buildSettings = {
				BUNDLE_LOADER = "$(TEST_HOST)";
				FRAMEWORK_SEARCH_PATHS = (
					"$(SDKROOT)/Developer/Library/Frameworks",
					"$(inherited)",
				);
				GCC_PREPROCESSOR_DEFINITIONS = (
					"DEBUG=1",
					"$(inherited)",
				);
				INFOPLIST_FILE = "UIScrollView Challenge SolutionTests/Info.plist";
				LD_RUNPATH_SEARCH_PATHS = "$(inherited) @executable_path/Frameworks @loader_path/Frameworks";
				PRODUCT_NAME = "$(TARGET_NAME)";
				TEST_HOST = "$(BUILT_PRODUCTS_DIR)/UIScrollView Challenge Solution.app/UIScrollView Challenge Solution";
			};
			name = Debug;
		};
		5C6D89B719DD2A34007CA881 /* Release */ = {
			isa = XCBuildConfiguration;
			buildSettings = {
				BUNDLE_LOADER = "$(TEST_HOST)";
				FRAMEWORK_SEARCH_PATHS = (
					"$(SDKROOT)/Developer/Library/Frameworks",
					"$(inherited)",
				);
				INFOPLIST_FILE = "UIScrollView Challenge SolutionTests/Info.plist";
				LD_RUNPATH_SEARCH_PATHS = "$(inherited) @executable_path/Frameworks @loader_path/Frameworks";
				PRODUCT_NAME = "$(TARGET_NAME)";
				TEST_HOST = "$(BUILT_PRODUCTS_DIR)/UIScrollView Challenge Solution.app/UIScrollView Challenge Solution";
			};
			name = Release;
		};
/* End XCBuildConfiguration section */

/* Begin XCConfigurationList section */
		5C6D898A19DD2A34007CA881 /* Build configuration list for PBXProject "UIScrollView Challenge Solution" */ = {
			isa = XCConfigurationList;
			buildConfigurations = (
				5C6D89B019DD2A34007CA881 /* Debug */,
				5C6D89B119DD2A34007CA881 /* Release */,
			);
			defaultConfigurationIsVisible = 0;
			defaultConfigurationName = Release;
		};
		5C6D89B219DD2A34007CA881 /* Build configuration list for PBXNativeTarget "UIScrollView Challenge Solution" */ = {
			isa = XCConfigurationList;
			buildConfigurations = (
				5C6D89B319DD2A34007CA881 /* Debug */,
				5C6D89B419DD2A34007CA881 /* Release */,
			);
			defaultConfigurationIsVisible = 0;
		};
		5C6D89B519DD2A34007CA881 /* Build configuration list for PBXNativeTarget "UIScrollView Challenge SolutionTests" */ = {
			isa = XCConfigurationList;
			buildConfigurations = (
				5C6D89B619DD2A34007CA881 /* Debug */,
				5C6D89B719DD2A34007CA881 /* Release */,
			);
			defaultConfigurationIsVisible = 0;
		};
/* End XCConfigurationList section */
	};
	rootObject = 5C6D898719DD2A34007CA881 /* Project object */;
}
